// !$*UTF8*$!
{
	archiveVersion = 1;
	classes = {
	};
	objectVersion = 46;
	objects = {

/* Begin PBXBuildFile section */
		101A65081CF73E6700316487 /* AppDelegate.swift in Sources */ = {isa = PBXBuildFile; fileRef = 101A65071CF73E6700316487 /* AppDelegate.swift */; };
		101A650F1CF73E6700316487 /* Assets.xcassets in Resources */ = {isa = PBXBuildFile; fileRef = 101A650E1CF73E6700316487 /* Assets.xcassets */; };
		101A651D1CF73E6700316487 /* XinLangTests.swift in Sources */ = {isa = PBXBuildFile; fileRef = 101A651C1CF73E6700316487 /* XinLangTests.swift */; };
		101A65281CF73E6700316487 /* XinLangUITests.swift in Sources */ = {isa = PBXBuildFile; fileRef = 101A65271CF73E6700316487 /* XinLangUITests.swift */; };
		101A65421CF7425800316487 /* MainViewController.swift in Sources */ = {isa = PBXBuildFile; fileRef = 101A65411CF7425800316487 /* MainViewController.swift */; };
		101A65441CF7427100316487 /* DiscoverTableViewController.swift in Sources */ = {isa = PBXBuildFile; fileRef = 101A65431CF7427100316487 /* DiscoverTableViewController.swift */; };
		101A65461CF7428100316487 /* HomeTableViewController.swift in Sources */ = {isa = PBXBuildFile; fileRef = 101A65451CF7428100316487 /* HomeTableViewController.swift */; };
		101A65481CF7429600316487 /* MessageTableViewController.swift in Sources */ = {isa = PBXBuildFile; fileRef = 101A65471CF7429600316487 /* MessageTableViewController.swift */; };
		101A654A1CF742A800316487 /* ProfileTableViewController.swift in Sources */ = {isa = PBXBuildFile; fileRef = 101A65491CF742A800316487 /* ProfileTableViewController.swift */; };
/* End PBXBuildFile section */

/* Begin PBXContainerItemProxy section */
		101A65191CF73E6700316487 /* PBXContainerItemProxy */ = {
			isa = PBXContainerItemProxy;
			containerPortal = 101A64FC1CF73E6700316487 /* Project object */;
			proxyType = 1;
			remoteGlobalIDString = 101A65031CF73E6700316487;
			remoteInfo = XinLang;
		};
		101A65241CF73E6700316487 /* PBXContainerItemProxy */ = {
			isa = PBXContainerItemProxy;
			containerPortal = 101A64FC1CF73E6700316487 /* Project object */;
			proxyType = 1;
			remoteGlobalIDString = 101A65031CF73E6700316487;
			remoteInfo = XinLang;
		};
/* End PBXContainerItemProxy section */

/* Begin PBXFileReference section */
		101A65041CF73E6700316487 /* XinLang.app */ = {isa = PBXFileReference; explicitFileType = wrapper.application; includeInIndex = 0; path = XinLang.app; sourceTree = BUILT_PRODUCTS_DIR; };
		101A65071CF73E6700316487 /* AppDelegate.swift */ = {isa = PBXFileReference; lastKnownFileType = sourcecode.swift; path = AppDelegate.swift; sourceTree = "<group>"; };
		101A650E1CF73E6700316487 /* Assets.xcassets */ = {isa = PBXFileReference; lastKnownFileType = folder.assetcatalog; path = Assets.xcassets; sourceTree = "<group>"; };
		101A65131CF73E6700316487 /* Info.plist */ = {isa = PBXFileReference; lastKnownFileType = text.plist.xml; path = Info.plist; sourceTree = "<group>"; };
		101A65181CF73E6700316487 /* XinLangTests.xctest */ = {isa = PBXFileReference; explicitFileType = wrapper.cfbundle; includeInIndex = 0; path = XinLangTests.xctest; sourceTree = BUILT_PRODUCTS_DIR; };
		101A651C1CF73E6700316487 /* XinLangTests.swift */ = {isa = PBXFileReference; lastKnownFileType = sourcecode.swift; path = XinLangTests.swift; sourceTree = "<group>"; };
		101A651E1CF73E6700316487 /* Info.plist */ = {isa = PBXFileReference; lastKnownFileType = text.plist.xml; path = Info.plist; sourceTree = "<group>"; };
		101A65231CF73E6700316487 /* XinLangUITests.xctest */ = {isa = PBXFileReference; explicitFileType = wrapper.cfbundle; includeInIndex = 0; path = XinLangUITests.xctest; sourceTree = BUILT_PRODUCTS_DIR; };
		101A65271CF73E6700316487 /* XinLangUITests.swift */ = {isa = PBXFileReference; lastKnownFileType = sourcecode.swift; path = XinLangUITests.swift; sourceTree = "<group>"; };
		101A65291CF73E6700316487 /* Info.plist */ = {isa = PBXFileReference; lastKnownFileType = text.plist.xml; path = Info.plist; sourceTree = "<group>"; };
		101A65411CF7425800316487 /* MainViewController.swift */ = {isa = PBXFileReference; fileEncoding = 4; lastKnownFileType = sourcecode.swift; path = MainViewController.swift; sourceTree = "<group>"; };
		101A65431CF7427100316487 /* DiscoverTableViewController.swift */ = {isa = PBXFileReference; fileEncoding = 4; lastKnownFileType = sourcecode.swift; path = DiscoverTableViewController.swift; sourceTree = "<group>"; };
		101A65451CF7428100316487 /* HomeTableViewController.swift */ = {isa = PBXFileReference; fileEncoding = 4; lastKnownFileType = sourcecode.swift; path = HomeTableViewController.swift; sourceTree = "<group>"; };
		101A65471CF7429600316487 /* MessageTableViewController.swift */ = {isa = PBXFileReference; fileEncoding = 4; lastKnownFileType = sourcecode.swift; path = MessageTableViewController.swift; sourceTree = "<group>"; };
		101A65491CF742A800316487 /* ProfileTableViewController.swift */ = {isa = PBXFileReference; fileEncoding = 4; lastKnownFileType = sourcecode.swift; path = ProfileTableViewController.swift; sourceTree = "<group>"; };
/* End PBXFileReference section */

/* Begin PBXFrameworksBuildPhase section */
		101A65011CF73E6700316487 /* Frameworks */ = {
			isa = PBXFrameworksBuildPhase;
			buildActionMask = 2147483647;
			files = (
			);
			runOnlyForDeploymentPostprocessing = 0;
		};
		101A65151CF73E6700316487 /* Frameworks */ = {
			isa = PBXFrameworksBuildPhase;
			buildActionMask = 2147483647;
			files = (
			);
			runOnlyForDeploymentPostprocessing = 0;
		};
		101A65201CF73E6700316487 /* Frameworks */ = {
			isa = PBXFrameworksBuildPhase;
			buildActionMask = 2147483647;
			files = (
			);
			runOnlyForDeploymentPostprocessing = 0;
		};
/* End PBXFrameworksBuildPhase section */

/* Begin PBXGroup section */
		101A64FB1CF73E6600316487 = {
			isa = PBXGroup;
			children = (
				101A65061CF73E6700316487 /* XinLang */,
				101A651B1CF73E6700316487 /* XinLangTests */,
				101A65261CF73E6700316487 /* XinLangUITests */,
				101A65051CF73E6700316487 /* Products */,
			);
			sourceTree = "<group>";
		};
		101A65051CF73E6700316487 /* Products */ = {
			isa = PBXGroup;
			children = (
				101A65041CF73E6700316487 /* XinLang.app */,
				101A65181CF73E6700316487 /* XinLangTests.xctest */,
				101A65231CF73E6700316487 /* XinLangUITests.xctest */,
			);
			name = Products;
			sourceTree = "<group>";
		};
		101A65061CF73E6700316487 /* XinLang */ = {
			isa = PBXGroup;
			children = (
				101A65071CF73E6700316487 /* AppDelegate.swift */,
				101A65391CF741EA00316487 /* Discover */,
				101A653A1CF741EA00316487 /* Home */,
				101A653B1CF741EA00316487 /* Main */,
				101A653C1CF741EA00316487 /* Message */,
				101A653D1CF741EA00316487 /* Profile */,
				101A653E1CF741EA00316487 /* Tools */,
				101A650E1CF73E6700316487 /* Assets.xcassets */,
				101A65131CF73E6700316487 /* Info.plist */,
			);
			path = XinLang;
			sourceTree = "<group>";
		};
		101A651B1CF73E6700316487 /* XinLangTests */ = {
			isa = PBXGroup;
			children = (
				101A651C1CF73E6700316487 /* XinLangTests.swift */,
				101A651E1CF73E6700316487 /* Info.plist */,
			);
			path = XinLangTests;
			sourceTree = "<group>";
		};
		101A65261CF73E6700316487 /* XinLangUITests */ = {
			isa = PBXGroup;
			children = (
				101A65271CF73E6700316487 /* XinLangUITests.swift */,
				101A65291CF73E6700316487 /* Info.plist */,
			);
			path = XinLangUITests;
			sourceTree = "<group>";
		};
		101A65391CF741EA00316487 /* Discover */ = {
			isa = PBXGroup;
			children = (
				101A65431CF7427100316487 /* DiscoverTableViewController.swift */,
			);
			path = Discover;
			sourceTree = "<group>";
		};
		101A653A1CF741EA00316487 /* Home */ = {
			isa = PBXGroup;
			children = (
				101A65451CF7428100316487 /* HomeTableViewController.swift */,
			);
			path = Home;
			sourceTree = "<group>";
		};
		101A653B1CF741EA00316487 /* Main */ = {
			isa = PBXGroup;
			children = (
				101A65411CF7425800316487 /* MainViewController.swift */,
			);
			path = Main;
			sourceTree = "<group>";
		};
		101A653C1CF741EA00316487 /* Message */ = {
			isa = PBXGroup;
			children = (
				101A65471CF7429600316487 /* MessageTableViewController.swift */,
			);
			path = Message;
			sourceTree = "<group>";
		};
		101A653D1CF741EA00316487 /* Profile */ = {
			isa = PBXGroup;
			children = (
				101A65491CF742A800316487 /* ProfileTableViewController.swift */,
			);
			path = Profile;
			sourceTree = "<group>";
		};
		101A653E1CF741EA00316487 /* Tools */ = {
			isa = PBXGroup;
			children = (
			);
			path = Tools;
			sourceTree = "<group>";
		};
/* End PBXGroup section */

/* Begin PBXNativeTarget section */
		101A65031CF73E6700316487 /* XinLang */ = {
			isa = PBXNativeTarget;
			buildConfigurationList = 101A652C1CF73E6700316487 /* Build configuration list for PBXNativeTarget "XinLang" */;
			buildPhases = (
				101A65001CF73E6700316487 /* Sources */,
				101A65011CF73E6700316487 /* Frameworks */,
				101A65021CF73E6700316487 /* Resources */,
			);
			buildRules = (
			);
			dependencies = (
			);
			name = XinLang;
			productName = XinLang;
			productReference = 101A65041CF73E6700316487 /* XinLang.app */;
			productType = "com.apple.product-type.application";
		};
		101A65171CF73E6700316487 /* XinLangTests */ = {
			isa = PBXNativeTarget;
			buildConfigurationList = 101A652F1CF73E6700316487 /* Build configuration list for PBXNativeTarget "XinLangTests" */;
			buildPhases = (
				101A65141CF73E6700316487 /* Sources */,
				101A65151CF73E6700316487 /* Frameworks */,
				101A65161CF73E6700316487 /* Resources */,
			);
			buildRules = (
			);
			dependencies = (
				101A651A1CF73E6700316487 /* PBXTargetDependency */,
			);
			name = XinLangTests;
			productName = XinLangTests;
			productReference = 101A65181CF73E6700316487 /* XinLangTests.xctest */;
			productType = "com.apple.product-type.bundle.unit-test";
		};
		101A65221CF73E6700316487 /* XinLangUITests */ = {
			isa = PBXNativeTarget;
			buildConfigurationList = 101A65321CF73E6700316487 /* Build configuration list for PBXNativeTarget "XinLangUITests" */;
			buildPhases = (
				101A651F1CF73E6700316487 /* Sources */,
				101A65201CF73E6700316487 /* Frameworks */,
				101A65211CF73E6700316487 /* Resources */,
			);
			buildRules = (
			);
			dependencies = (
				101A65251CF73E6700316487 /* PBXTargetDependency */,
			);
			name = XinLangUITests;
			productName = XinLangUITests;
			productReference = 101A65231CF73E6700316487 /* XinLangUITests.xctest */;
			productType = "com.apple.product-type.bundle.ui-testing";
		};
/* End PBXNativeTarget section */

/* Begin PBXProject section */
		101A64FC1CF73E6700316487 /* Project object */ = {
			isa = PBXProject;
			attributes = {
				LastSwiftUpdateCheck = 0730;
				LastUpgradeCheck = 0730;
				ORGANIZATIONNAME = cqz;
				TargetAttributes = {
					101A65031CF73E6700316487 = {
						CreatedOnToolsVersion = 7.3;
					};
					101A65171CF73E6700316487 = {
						CreatedOnToolsVersion = 7.3;
						TestTargetID = 101A65031CF73E6700316487;
					};
					101A65221CF73E6700316487 = {
						CreatedOnToolsVersion = 7.3;
						TestTargetID = 101A65031CF73E6700316487;
					};
				};
			};
			buildConfigurationList = 101A64FF1CF73E6700316487 /* Build configuration list for PBXProject "XinLang" */;
			compatibilityVersion = "Xcode 3.2";
			developmentRegion = English;
			hasScannedForEncodings = 0;
			knownRegions = (
				en,
				Base,
			);
			mainGroup = 101A64FB1CF73E6600316487;
			productRefGroup = 101A65051CF73E6700316487 /* Products */;
			projectDirPath = "";
			projectRoot = "";
			targets = (
				101A65031CF73E6700316487 /* XinLang */,
				101A65171CF73E6700316487 /* XinLangTests */,
				101A65221CF73E6700316487 /* XinLangUITests */,
			);
		};
/* End PBXProject section */

/* Begin PBXResourcesBuildPhase section */
		101A65021CF73E6700316487 /* Resources */ = {
			isa = PBXResourcesBuildPhase;
			buildActionMask = 2147483647;
			files = (
				101A650F1CF73E6700316487 /* Assets.xcassets in Resources */,
			);
			runOnlyForDeploymentPostprocessing = 0;
		};
		101A65161CF73E6700316487 /* Resources */ = {
			isa = PBXResourcesBuildPhase;
			buildActionMask = 2147483647;
			files = (
			);
			runOnlyForDeploymentPostprocessing = 0;
		};
		101A65211CF73E6700316487 /* Resources */ = {
			isa = PBXResourcesBuildPhase;
			buildActionMask = 2147483647;
			files = (
			);
			runOnlyForDeploymentPostprocessing = 0;
		};
/* End PBXResourcesBuildPhase section */

/* Begin PBXSourcesBuildPhase section */
		101A65001CF73E6700316487 /* Sources */ = {
			isa = PBXSourcesBuildPhase;
			buildActionMask = 2147483647;
			files = (
				101A654A1CF742A800316487 /* ProfileTableViewController.swift in Sources */,
				101A65421CF7425800316487 /* MainViewController.swift in Sources */,
				101A65441CF7427100316487 /* DiscoverTableViewController.swift in Sources */,
				101A65081CF73E6700316487 /* AppDelegate.swift in Sources */,
				101A65481CF7429600316487 /* MessageTableViewController.swift in Sources */,
				101A65461CF7428100316487 /* HomeTableViewController.swift in Sources */,
			);
			runOnlyForDeploymentPostprocessing = 0;
		};
		101A65141CF73E6700316487 /* Sources */ = {
			isa = PBXSourcesBuildPhase;
			buildActionMask = 2147483647;
			files = (
				101A651D1CF73E6700316487 /* XinLangTests.swift in Sources */,
			);
			runOnlyForDeploymentPostprocessing = 0;
		};
		101A651F1CF73E6700316487 /* Sources */ = {
			isa = PBXSourcesBuildPhase;
			buildActionMask = 2147483647;
			files = (
				101A65281CF73E6700316487 /* XinLangUITests.swift in Sources */,
			);
			runOnlyForDeploymentPostprocessing = 0;
		};
/* End PBXSourcesBuildPhase section */

/* Begin PBXTargetDependency section */
		101A651A1CF73E6700316487 /* PBXTargetDependency */ = {
			isa = PBXTargetDependency;
			target = 101A65031CF73E6700316487 /* XinLang */;
			targetProxy = 101A65191CF73E6700316487 /* PBXContainerItemProxy */;
		};
		101A65251CF73E6700316487 /* PBXTargetDependency */ = {
			isa = PBXTargetDependency;
			target = 101A65031CF73E6700316487 /* XinLang */;
			targetProxy = 101A65241CF73E6700316487 /* PBXContainerItemProxy */;
		};
/* End PBXTargetDependency section */

/* Begin XCBuildConfiguration section */
		101A652A1CF73E6700316487 /* Debug */ = {
			isa = XCBuildConfiguration;
			buildSettings = {
				ALWAYS_SEARCH_USER_PATHS = NO;
				CLANG_ANALYZER_NONNULL = YES;
				CLANG_CXX_LANGUAGE_STANDARD = "gnu++0x";
				CLANG_CXX_LIBRARY = "libc++";
				CLANG_ENABLE_MODULES = YES;
				CLANG_ENABLE_OBJC_ARC = YES;
				CLANG_WARN_BOOL_CONVERSION = YES;
				CLANG_WARN_CONSTANT_CONVERSION = YES;
				CLANG_WARN_DIRECT_OBJC_ISA_USAGE = YES_ERROR;
				CLANG_WARN_EMPTY_BODY = YES;
				CLANG_WARN_ENUM_CONVERSION = YES;
				CLANG_WARN_INT_CONVERSION = YES;
				CLANG_WARN_OBJC_ROOT_CLASS = YES_ERROR;
				CLANG_WARN_UNREACHABLE_CODE = YES;
				CLANG_WARN__DUPLICATE_METHOD_MATCH = YES;
				"CODE_SIGN_IDENTITY[sdk=iphoneos*]" = "iPhone Developer";
				COPY_PHASE_STRIP = NO;
				DEBUG_INFORMATION_FORMAT = dwarf;
				ENABLE_STRICT_OBJC_MSGSEND = YES;
				ENABLE_TESTABILITY = YES;
				GCC_C_LANGUAGE_STANDARD = gnu99;
				GCC_DYNAMIC_NO_PIC = NO;
				GCC_NO_COMMON_BLOCKS = YES;
				GCC_OPTIMIZATION_LEVEL = 0;
				GCC_PREPROCESSOR_DEFINITIONS = (
					"DEBUG=1",
					"$(inherited)",
				);
				GCC_WARN_64_TO_32_BIT_CONVERSION = YES;
				GCC_WARN_ABOUT_RETURN_TYPE = YES_ERROR;
				GCC_WARN_UNDECLARED_SELECTOR = YES;
				GCC_WARN_UNINITIALIZED_AUTOS = YES_AGGRESSIVE;
				GCC_WARN_UNUSED_FUNCTION = YES;
				GCC_WARN_UNUSED_VARIABLE = YES;
				IPHONEOS_DEPLOYMENT_TARGET = 9.3;
				MTL_ENABLE_DEBUG_INFO = YES;
				ONLY_ACTIVE_ARCH = YES;
				SDKROOT = iphoneos;
				SWIFT_OPTIMIZATION_LEVEL = "-Onone";
				TARGETED_DEVICE_FAMILY = "1,2";
			};
			name = Debug;
		};
		101A652B1CF73E6700316487 /* Release */ = {
			isa = XCBuildConfiguration;
			buildSettings = {
				ALWAYS_SEARCH_USER_PATHS = NO;
				CLANG_ANALYZER_NONNULL = YES;
				CLANG_CXX_LANGUAGE_STANDARD = "gnu++0x";
				CLANG_CXX_LIBRARY = "libc++";
				CLANG_ENABLE_MODULES = YES;
				CLANG_ENABLE_OBJC_ARC = YES;
				CLANG_WARN_BOOL_CONVERSION = YES;
				CLANG_WARN_CONSTANT_CONVERSION = YES;
				CLANG_WARN_DIRECT_OBJC_ISA_USAGE = YES_ERROR;
				CLANG_WARN_EMPTY_BODY = YES;
				CLANG_WARN_ENUM_CONVERSION = YES;
				CLANG_WARN_INT_CONVERSION = YES;
				CLANG_WARN_OBJC_ROOT_CLASS = YES_ERROR;
				CLANG_WARN_UNREACHABLE_CODE = YES;
				CLANG_WARN__DUPLICATE_METHOD_MATCH = YES;
				"CODE_SIGN_IDENTITY[sdk=iphoneos*]" = "iPhone Developer";
				COPY_PHASE_STRIP = NO;
				DEBUG_INFORMATION_FORMAT = "dwarf-with-dsym";
				ENABLE_NS_ASSERTIONS = NO;
				ENABLE_STRICT_OBJC_MSGSEND = YES;
				GCC_C_LANGUAGE_STANDARD = gnu99;
				GCC_NO_COMMON_BLOCKS = YES;
				GCC_WARN_64_TO_32_BIT_CONVERSION = YES;
				GCC_WARN_ABOUT_RETURN_TYPE = YES_ERROR;
				GCC_WARN_UNDECLARED_SELECTOR = YES;
				GCC_WARN_UNINITIALIZED_AUTOS = YES_AGGRESSIVE;
				GCC_WARN_UNUSED_FUNCTION = YES;
				GCC_WARN_UNUSED_VARIABLE = YES;
				IPHONEOS_DEPLOYMENT_TARGET = 9.3;
				MTL_ENABLE_DEBUG_INFO = NO;
				SDKROOT = iphoneos;
				TARGETED_DEVICE_FAMILY = "1,2";
				VALIDATE_PRODUCT = YES;
			};
			name = Release;
		};
		101A652D1CF73E6700316487 /* Debug */ = {
			isa = XCBuildConfiguration;
			buildSettings = {
				ASSETCATALOG_COMPILER_APPICON_NAME = AppIcon;
				ASSETCATALOG_COMPILER_LAUNCHIMAGE_NAME = "Brand Assets";
				INFOPLIST_FILE = XinLang/Info.plist;
				IPHONEOS_DEPLOYMENT_TARGET = 9.0;
				LD_RUNPATH_SEARCH_PATHS = "$(inherited) @executable_path/Frameworks";
				PRODUCT_BUNDLE_IDENTIFIER = com.cqz.XinLang;
				PRODUCT_NAME = "$(TARGET_NAME)";
				TARGETED_DEVICE_FAMILY = 1;
			};
			name = Debug;
		};
		101A652E1CF73E6700316487 /* Release */ = {
			isa = XCBuildConfiguration;
			buildSettings = {
				ASSETCATALOG_COMPILER_APPICON_NAME = AppIcon;
				ASSETCATALOG_COMPILER_LAUNCHIMAGE_NAME = "Brand Assets";
				INFOPLIST_FILE = XinLang/Info.plist;
				IPHONEOS_DEPLOYMENT_TARGET = 9.0;
				LD_RUNPATH_SEARCH_PATHS = "$(inherited) @executable_path/Frameworks";
				PRODUCT_BUNDLE_IDENTIFIER = com.cqz.XinLang;
				PRODUCT_NAME = "$(TARGET_NAME)";
				TARGETED_DEVICE_FAMILY = 1;
			};
			name = Release;
		};
		101A65301CF73E6700316487 /* Debug */ = {
			isa = XCBuildConfiguration;
			buildSettings = {
				BUNDLE_LOADER = "$(TEST_HOST)";
				INFOPLIST_FILE = XinLangTests/Info.plist;
				LD_RUNPATH_SEARCH_PATHS = "$(inherited) @executable_path/Frameworks @loader_path/Frameworks";
				PRODUCT_BUNDLE_IDENTIFIER = com.cqz.XinLangTests;
				PRODUCT_NAME = "$(TARGET_NAME)";
				TEST_HOST = "$(BUILT_PRODUCTS_DIR)/XinLang.app/XinLang";
			};
			name = Debug;
		};
		101A65311CF73E6700316487 /* Release */ = {
			isa = XCBuildConfiguration;
			buildSettings = {
				BUNDLE_LOADER = "$(TEST_HOST)";
				INFOPLIST_FILE = XinLangTests/Info.plist;
				LD_RUNPATH_SEARCH_PATHS = "$(inherited) @executable_path/Frameworks @loader_path/Frameworks";
				PRODUCT_BUNDLE_IDENTIFIER = com.cqz.XinLangTests;
				PRODUCT_NAME = "$(TARGET_NAME)";
				TEST_HOST = "$(BUILT_PRODUCTS_DIR)/XinLang.app/XinLang";
			};
			name = Release;
		};
		101A65331CF73E6700316487 /* Debug */ = {
			isa = XCBuildConfiguration;
			buildSettings = {
				INFOPLIST_FILE = XinLangUITests/Info.plist;
				LD_RUNPATH_SEARCH_PATHS = "$(inherited) @executable_path/Frameworks @loader_path/Frameworks";
				PRODUCT_BUNDLE_IDENTIFIER = com.cqz.XinLangUITests;
				PRODUCT_NAME = "$(TARGET_NAME)";
				TEST_TARGET_NAME = XinLang;
			};
			name = Debug;
		};
		101A65341CF73E6700316487 /* Release */ = {
			isa = XCBuildConfiguration;
			buildSettings = {
				INFOPLIST_FILE = XinLangUITests/Info.plist;
				LD_RUNPATH_SEARCH_PATHS = "$(inherited) @executable_path/Frameworks @loader_path/Frameworks";
				PRODUCT_BUNDLE_IDENTIFIER = com.cqz.XinLangUITests;
				PRODUCT_NAME = "$(TARGET_NAME)";
				TEST_TARGET_NAME = XinLang;
			};
			name = Release;
		};
/* End XCBuildConfiguration section */

/* Begin XCConfigurationList section */
		101A64FF1CF73E6700316487 /* Build configuration list for PBXProject "XinLang" */ = {
			isa = XCConfigurationList;
			buildConfigurations = (
				101A652A1CF73E6700316487 /* Debug */,
				101A652B1CF73E6700316487 /* Release */,
			);
			defaultConfigurationIsVisible = 0;
			defaultConfigurationName = Release;
		};
		101A652C1CF73E6700316487 /* Build configuration list for PBXNativeTarget "XinLang" */ = {
			isa = XCConfigurationList;
			buildConfigurations = (
				101A652D1CF73E6700316487 /* Debug */,
				101A652E1CF73E6700316487 /* Release */,
			);
			defaultConfigurationIsVisible = 0;
		};
		101A652F1CF73E6700316487 /* Build configuration list for PBXNativeTarget "XinLangTests" */ = {
			isa = XCConfigurationList;
			buildConfigurations = (
				101A65301CF73E6700316487 /* Debug */,
				101A65311CF73E6700316487 /* Release */,
			);
			defaultConfigurationIsVisible = 0;
		};
		101A65321CF73E6700316487 /* Build configuration list for PBXNativeTarget "XinLangUITests" */ = {
			isa = XCConfigurationList;
			buildConfigurations = (
				101A65331CF73E6700316487 /* Debug */,
				101A65341CF73E6700316487 /* Release */,
			);
			defaultConfigurationIsVisible = 0;
		};
/* End XCConfigurationList section */
	};
	rootObject = 101A64FC1CF73E6700316487 /* Project object */;
}
