PODS:
  - Alamofire (4.2.0)
  - PromiseKit (4.0.5):
    - PromiseKit/Foundation (= 4.0.5)
    - PromiseKit/QuartzCore (= 4.0.5)
    - PromiseKit/UIKit (= 4.0.5)
  - PromiseKit/CorePromise (4.0.5)
  - PromiseKit/Foundation (4.0.5):
    - PromiseKit/CorePromise
  - PromiseKit/QuartzCore (4.0.5):
    - PromiseKit/CorePromise
  - PromiseKit/UIKit (4.0.5):
    - PromiseKit/CorePromise
  - XCGLogger (4.0.0):
    - XCGLogger/Core (= 4.0.0)
  - XCGLogger/Core (4.0.0)

DEPENDENCIES:
  - Alamofire (~> 4.2.0)
  - PromiseKit (~> 4.0.5)
  - XCGLogger (~> 4.0.0)

SPEC CHECKSUMS:
  Alamofire: aa2e09d871c9160ac53c90e83c68064a94e3dfbe
  PromiseKit: 593b5e24ded6cbb1ebc708bc2c3428a8a5632d91
  XCGLogger: 38063ea89b4c8b23232d18efd2e12eb0005f3ea4

PODFILE CHECKSUM: 025dfef918e0891a1626d45aa2af646201c0247d

COCOAPODS: 1.1.1
